
Microsoft Visual Studio Solution File, Format Version 12.00
# Visual Studio Express 2012 for Windows Desktop
Project("{FAE04EC0-301F-11D3-BF4B-00C04F79EFBC}") = "MATH2", "MATH2\MATH2.csproj", "{0375DB49-C40D-491B-8EEE-F43E585516AB}"
EndProject
Global
	GlobalSection(SolutionConfigurationPlatforms) = preSolution
		Debug|Any CPU = Debug|Any CPU
		Release|Any CPU = Release|Any CPU
	EndGlobalSection
	GlobalSection(ProjectConfigurationPlatforms) = postSolution
		{0375DB49-C40D-491B-8EEE-F43E585516AB}.Debug|Any CPU.ActiveCfg = Debug|Any CPU
		{0375DB49-C40D-491B-8EEE-F43E585516AB}.Debug|Any CPU.Build.0 = Debug|Any CPU
		{0375DB49-C40D-491B-8EEE-F43E585516AB}.Release|Any CPU.ActiveCfg = Release|Any CPU
		{0375DB49-C40D-491B-8EEE-F43E585516AB}.Release|Any CPU.Build.0 = Release|Any CPU
	EndGlobalSection
	GlobalSection(SolutionProperties) = preSolution
		HideSolutionNode = FALSE
	EndGlobalSection
EndGlobal
